{
  "version": 4,
  "terraform_version": "1.15.8",
  "serial": 1,
  "lineage": "4dfecba6-d395-0eca-c3a8-9052ce220ceb",
  "outputs": {},
  "resources": [
    {
      "mode": "managed",
      "type": "iosxe_ospf",
      "name": "ospf1",
      "provider": "provider[\"registry.terraform.io/ciscodevnet/iosxe\"]",
      "instances": [
        {
          "schema_version": 0,
          "attributes": {
            "areas": null,
            "auto_cost_reference_bandwidth": null,
            "bfd_all_interfaces": null,
            "default_information_originate": null,
            "default_information_originate_always": null,
            "default_metric": null,
            "delete_mode": null,
            "device": null,
            "distance": null,
            "domain_tag": null,
            "id": "Cisco-IOS-XE-native:native/router/Cisco-IOS-XE-ospf:router-ospf/ospf/process-id=1",
            "mpls_ldp_autoconfig": null,
            "mpls_ldp_sync": null,
            "neighbors": null,
            "networks": [
              {
                "area": "0",
                "ip": "192.168.2.0",
                "wildcard": "0.0.0.255"
              }
            ],
            "passive_interface": null,
            "passive_interface_default": null,
            "priority": null,
            "process_id": 1,
            "router_id": null,
            "shutdown": null,
            "summary_addresses": null
          },
          "sensitive_attributes": [],
          "identity_schema_version": 0,
          "private": "eyJpbXBvcnRpbmciOiJNQT09In0="
        }
      ]
    }
  ],
  "check_results": null
}
