{
  "version": 4,
  "terraform_version": "1.15.8",
  "serial": 9,
  "lineage": "34ff4ffa-4cd0-3302-f35b-8510376f0421",
  "outputs": {},
  "resources": [
    {
      "mode": "managed",
      "type": "iosxe_vlan",
      "name": "data",
      "provider": "provider[\"registry.terraform.io/ciscodevnet/iosxe\"]",
      "instances": [
        {
          "schema_version": 0,
          "attributes": {
            "device": null,
            "id": "Cisco-IOS-XE-native:native/vlan/Cisco-IOS-XE-vlan:vlan-list=100",
            "name": "Data_VLAN",
            "private_vlan_association": null,
            "private_vlan_community": null,
            "private_vlan_isolated": null,
            "private_vlan_primary": null,
            "remote_span": null,
            "shutdown": null,
            "vlan_id": 100
          },
          "sensitive_attributes": [],
          "identity_schema_version": 0,
          "private": "eyJpbXBvcnRpbmciOiJNQT09In0="
        }
      ]
    },
    {
      "mode": "managed",
      "type": "iosxe_vlan",
      "name": "printer",
      "provider": "provider[\"registry.terraform.io/ciscodevnet/iosxe\"]",
      "instances": [
        {
          "schema_version": 0,
          "attributes": {
            "device": null,
            "id": "Cisco-IOS-XE-native:native/vlan/Cisco-IOS-XE-vlan:vlan-list=300",
            "name": "Printer_VLAN",
            "private_vlan_association": null,
            "private_vlan_community": null,
            "private_vlan_isolated": null,
            "private_vlan_primary": null,
            "remote_span": null,
            "shutdown": null,
            "vlan_id": 300
          },
          "sensitive_attributes": [],
          "identity_schema_version": 0,
          "private": "eyJpbXBvcnRpbmciOiJNQT09In0="
        }
      ]
    },
    {
      "mode": "managed",
      "type": "iosxe_vlan",
      "name": "voice",
      "provider": "provider[\"registry.terraform.io/ciscodevnet/iosxe\"]",
      "instances": [
        {
          "schema_version": 0,
          "attributes": {
            "device": null,
            "id": "Cisco-IOS-XE-native:native/vlan/Cisco-IOS-XE-vlan:vlan-list=200",
            "name": "Voice_VLAN",
            "private_vlan_association": null,
            "private_vlan_community": null,
            "private_vlan_isolated": null,
            "private_vlan_primary": null,
            "remote_span": null,
            "shutdown": null,
            "vlan_id": 200
          },
          "sensitive_attributes": [],
          "identity_schema_version": 0,
          "private": "eyJpbXBvcnRpbmciOiJNQT09In0="
        }
      ]
    }
  ],
  "check_results": null
}
